<?xml version="1.0" encoding="UTF-8" standalone="yes" ?>
<CodeBlocks_project_file>
	<FileVersion major="1" minor="6" />
	<Project>
		<Option title="Test" />
		<Option pch_mode="2" />
		<Option compiler="gcc" />
		<Build>
			<Target title="Debug">
				<Option output="bin/Debug/Test" prefix_auto="1" extension_auto="1" />
				<Option object_output="obj/Debug/" />
				<Option type="1" />
				<Option compiler="gcc" />
				<Compiler>
					<Add option="-g" />
				</Compiler>
			</Target>
			<Target title="Release">
				<Option output="bin/Release/Test" prefix_auto="1" extension_auto="1" />
				<Option object_output="obj/Release/" />
				<Option type="1" />
				<Option compiler="gcc" />
				<Compiler>
					<Add option="-O2" />
				</Compiler>
				<Linker>
					<Add option="-s" />
				</Linker>
			</Target>
		</Build>
		<Compiler>
			<Add option="-Wall" />
			<Add option="-std=c++11" />
			<Add option="-fexceptions" />
			<Add option="-DVU_INET_ENABLED" />
			<Add option="-DVU_GUID_ENABLED" />
			<Add option="-DVU_WMI_ENABLED" />
		</Compiler>
		<Linker>
			<Add library="Vutils" />
			<Add library="ws2_32" />
			<Add library="gdi32" />
			<Add library="rpcrt4" />
			<Add library="ole32" />
			<Add library="oleaut32" />
			<Add library="wbemuuid" />
		</Linker>
		<Unit filename="Sample.AsyncSocket.h" />
		<Unit filename="Sample.DF.h" />
		<Unit filename="Sample.FileMapping.h" />
		<Unit filename="Sample.FileSystem.h" />
		<Unit filename="Sample.GUID.h" />
		<Unit filename="Sample.IATHook.h" />
		<Unit filename="Sample.INIFile.h" />
		<Unit filename="Sample.INLHook.h" />
		<Unit filename="Sample.InputDialog.h" />
		<Unit filename="Sample.Manager.h" />
		<Unit filename="Sample.Math.h" />
		<Unit filename="Sample.Misc.h" />
		<Unit filename="Sample.PEFile.h" />
		<Unit filename="Sample.Process.h" />
		<Unit filename="Sample.Registry.h" />
		<Unit filename="Sample.Service.h" />
		<Unit filename="Sample.Singleton.h" />
		<Unit filename="Sample.Socket.h" />
		<Unit filename="Sample.StopWatch.h" />
		<Unit filename="Sample.ThreadPool.h" />
		<Unit filename="Sample.WMHook.h" />
		<Unit filename="Sample.WMI.h" />
		<Unit filename="Sample.h" />
		<Unit filename="main.cpp" />
		<Extensions>
			<code_completion />
			<envvars />
			<debugger />
		</Extensions>
	</Project>
</CodeBlocks_project_file>
