<?xml version="1.0" encoding="utf-8"?>
<Project ToolsVersion="4.0" xmlns="http://schemas.microsoft.com/developer/msbuild/2003">
  <ItemGroup>
    <Filter Include="Source Files">
      <UniqueIdentifier>{4FC737F1-C7A5-4376-A066-2A32D752A2FF}</UniqueIdentifier>
      <Extensions>cpp;c;cc;cxx;def;odl;idl;hpj;bat;asm;asmx</Extensions>
    </Filter>
    <Filter Include="Header Files">
      <UniqueIdentifier>{93995380-89BD-4b04-88EB-625FBE52EBFB}</UniqueIdentifier>
      <Extensions>h;hh;hpp;hxx;hm;inl;inc;xsd</Extensions>
    </Filter>
    <Filter Include="Resource Files">
      <UniqueIdentifier>{67DA6AB6-F800-4c08-8B7A-83BB121AAD01}</UniqueIdentifier>
      <Extensions>rc;ico;cur;bmp;dlg;rc2;rct;bin;rgs;gif;jpg;jpeg;jpe;resx;tiff;tif;png;wav;mfcribbon-ms</Extensions>
    </Filter>
    <Filter Include="Source Files\details">
      <UniqueIdentifier>{b7faa85e-455c-4a29-8984-ab3b362fd066}</UniqueIdentifier>
    </Filter>
    <Filter Include="Third Party Files">
      <UniqueIdentifier>{3afa8de4-dcfe-4e85-acfe-82742a921797}</UniqueIdentifier>
    </Filter>
    <Filter Include="Third Party Files\HDE">
      <UniqueIdentifier>{3efc726d-f4f2-41a8-a7c7-4fdd16161c4a}</UniqueIdentifier>
    </Filter>
    <Filter Include="Third Party Files\MH">
      <UniqueIdentifier>{eb0e3882-c0ce-4589-86c9-944f7725577d}</UniqueIdentifier>
    </Filter>
    <Filter Include="Third Party Files\TP11">
      <UniqueIdentifier>{7cf3d616-cc47-4dc8-bdd8-52c3fa0b29ca}</UniqueIdentifier>
    </Filter>
    <Filter Include="Header Files\Template Files">
      <UniqueIdentifier>{6909da66-a8cb-48af-89cb-fdf5e101283a}</UniqueIdentifier>
    </Filter>
    <Filter Include="Header Files\Inline Files">
      <UniqueIdentifier>{842f4f8a-4b2a-4ed5-aabf-5d7b6956aaee}</UniqueIdentifier>
    </Filter>
  </ItemGroup>
  <ItemGroup>
    <Text Include="ReadMe.txt" />
  </ItemGroup>
  <ItemGroup>
    <ClInclude Include="include\Vutils.h">
      <Filter>Header Files</Filter>
    </ClInclude>
    <ClInclude Include="include\Vu.h">
      <Filter>Header Files</Filter>
    </ClInclude>
    <ClInclude Include="include\Boob.h">
      <Filter>Header Files</Filter>
    </ClInclude>
    <ClInclude Include="src\details\lazy.h">
      <Filter>Source Files\details</Filter>
    </ClInclude>
    <ClInclude Include="src\details\defs.h">
      <Filter>Source Files\details</Filter>
    </ClInclude>
    <ClInclude Include="src\details\strfmt.h">
      <Filter>Source Files\details</Filter>
    </ClInclude>
    <ClInclude Include="3rdparty\HDE\include\hde32.h">
      <Filter>Third Party Files\HDE</Filter>
    </ClInclude>
    <ClInclude Include="3rdparty\HDE\include\hde64.h">
      <Filter>Third Party Files\HDE</Filter>
    </ClInclude>
    <ClInclude Include="3rdparty\HDE\include\table32.h">
      <Filter>Third Party Files\HDE</Filter>
    </ClInclude>
    <ClInclude Include="3rdparty\HDE\include\table64.h">
      <Filter>Third Party Files\HDE</Filter>
    </ClInclude>
    <ClInclude Include="3rdparty\MH\include\buffer.h">
      <Filter>Third Party Files\MH</Filter>
    </ClInclude>
    <ClInclude Include="3rdparty\TP11\include\threadpool11\Pool.h">
      <Filter>Third Party Files\TP11</Filter>
    </ClInclude>
    <ClInclude Include="3rdparty\TP11\include\threadpool11\threadpool11.h">
      <Filter>Third Party Files\TP11</Filter>
    </ClInclude>
    <ClInclude Include="3rdparty\TP11\include\threadpool11\Worker.h">
      <Filter>Third Party Files\TP11</Filter>
    </ClInclude>
  </ItemGroup>
  <ItemGroup>
    <ClCompile Include="src\Vutils.cpp">
      <Filter>Source Files</Filter>
    </ClCompile>
    <ClCompile Include="3rdparty\HDE\src\hde32.cpp">
      <Filter>Third Party Files\HDE</Filter>
    </ClCompile>
    <ClCompile Include="3rdparty\HDE\src\hde64.cpp">
      <Filter>Third Party Files\HDE</Filter>
    </ClCompile>
    <ClCompile Include="3rdparty\MH\src\buffer.cpp">
      <Filter>Third Party Files\MH</Filter>
    </ClCompile>
    <ClCompile Include="src\details\misc.cpp">
      <Filter>Source Files\details</Filter>
    </ClCompile>
    <ClCompile Include="src\details\lazy.cpp">
      <Filter>Source Files\details</Filter>
    </ClCompile>
    <ClCompile Include="src\details\math.cpp">
      <Filter>Source Files\details</Filter>
    </ClCompile>
    <ClCompile Include="src\details\string.cpp">
      <Filter>Source Files\details</Filter>
    </ClCompile>
    <ClCompile Include="src\details\process.cpp">
      <Filter>Source Files\details</Filter>
    </ClCompile>
    <ClCompile Include="src\details\filedir.cpp">
      <Filter>Source Files\details</Filter>
    </ClCompile>
    <ClCompile Include="src\details\guid.cpp">
      <Filter>Source Files\details</Filter>
    </ClCompile>
    <ClCompile Include="src\details\library.cpp">
      <Filter>Source Files\details</Filter>
    </ClCompile>
    <ClCompile Include="src\details\socket.cpp">
      <Filter>Source Files\details</Filter>
    </ClCompile>
    <ClCompile Include="src\details\filemap.cpp">
      <Filter>Source Files\details</Filter>
    </ClCompile>
    <ClCompile Include="src\details\registry.cpp">
      <Filter>Source Files\details</Filter>
    </ClCompile>
    <ClCompile Include="src\details\crisec.cpp">
      <Filter>Source Files\details</Filter>
    </ClCompile>
    <ClCompile Include="src\details\stopwatch.cpp">
      <Filter>Source Files\details</Filter>
    </ClCompile>
    <ClCompile Include="src\details\service.cpp">
      <Filter>Source Files\details</Filter>
    </ClCompile>
    <ClCompile Include="src\details\pefile.cpp">
      <Filter>Source Files\details</Filter>
    </ClCompile>
    <ClCompile Include="src\details\apihook.cpp">
      <Filter>Source Files\details</Filter>
    </ClCompile>
    <ClCompile Include="src\details\strfmt.cpp">
      <Filter>Source Files\details</Filter>
    </ClCompile>
    <ClCompile Include="src\details\filesys.cpp">
      <Filter>Source Files\details</Filter>
    </ClCompile>
    <ClCompile Include="src\details\inifile.cpp">
      <Filter>Source Files\details</Filter>
    </ClCompile>
    <ClCompile Include="src\details\window.cpp">
      <Filter>Source Files\details</Filter>
    </ClCompile>
    <ClCompile Include="src\details\wmhook.cpp">
      <Filter>Source Files\details</Filter>
    </ClCompile>
    <ClCompile Include="src\details\threadpool.cpp">
      <Filter>Source Files\details</Filter>
    </ClCompile>
    <ClCompile Include="3rdparty\TP11\src\Worker.cpp">
      <Filter>Third Party Files\TP11</Filter>
    </ClCompile>
    <ClCompile Include="3rdparty\TP11\src\Pool.cpp">
      <Filter>Third Party Files\TP11</Filter>
    </ClCompile>
    <ClCompile Include="src\details\mbuffer.cpp">
      <Filter>Source Files\details</Filter>
    </ClCompile>
  </ItemGroup>
  <ItemGroup>
    <None Include="include\Boob">
      <Filter>Header Files</Filter>
    </None>
    <None Include="include\Vu">
      <Filter>Header Files</Filter>
    </None>
    <None Include="include\Vutils">
      <Filter>Header Files</Filter>
    </None>
    <None Include="include\template\math.tpl">
      <Filter>Header Files\Template Files</Filter>
    </None>
    <None Include="include\template\singleton.tpl">
      <Filter>Header Files\Template Files</Filter>
    </None>
    <None Include="include\inline\std.inl">
      <Filter>Header Files\Inline Files</Filter>
    </None>
    <None Include="include\inline\types.inl">
      <Filter>Header Files\Inline Files</Filter>
    </None>
    <None Include="include\inline\defs.inl">
      <Filter>Header Files\Inline Files</Filter>
    </None>
  </ItemGroup>
</Project>